<?xml version="1.0" encoding="utf-8"?>
<Project ToolsVersion="4.0" xmlns="http://schemas.microsoft.com/developer/msbuild/2003">
  <ItemGroup>
    <ClCompile Include="Source\Main.cpp" />
    <ClCompile Include="Source\Log.cpp">
      <Filter>Utils</Filter>
    </ClCompile>
    <ClCompile Include="Source\External\PugiXml\src\pugixml.cpp">
      <Filter>External\PugiXml</Filter>
    </ClCompile>
    <ClCompile Include="Source\Audio.cpp">
      <Filter>Modules\Core</Filter>
    </ClCompile>
    <ClCompile Include="Source\Input.cpp">
      <Filter>Modules\Core</Filter>
    </ClCompile>
    <ClCompile Include="Source\Map.cpp">
      <Filter>Modules\Core</Filter>
    </ClCompile>
    <ClCompile Include="Source\Render.cpp">
      <Filter>Modules\Core</Filter>
    </ClCompile>
    <ClCompile Include="Source\Textures.cpp">
      <Filter>Modules\Core</Filter>
    </ClCompile>
    <ClCompile Include="Source\Window.cpp">
      <Filter>Modules\Core</Filter>
    </ClCompile>
    <ClCompile Include="Source\Player.cpp">
      <Filter>Modules\Gameplay</Filter>
    </ClCompile>
    <ClCompile Include="Source\Main.cpp">
      <Filter>Modules\Application</Filter>
    </ClCompile>
    <ClCompile Include="Source\App.cpp">
      <Filter>Modules\Application</Filter>
    </ClCompile>
    <ClCompile Include="Source\ModuleFadeToBlack.cpp">
      <Filter>Modules\Core</Filter>
    </ClCompile>
    <ClCompile Include="Source\PerfTimer.cpp">
      <Filter>Utils</Filter>
    </ClCompile>
    <ClCompile Include="Source\Timer.cpp">
      <Filter>Utils</Filter>
    </ClCompile>
    <ClCompile Include="Source\Enemy.cpp">
      <Filter>Modules\Gameplay</Filter>
    </ClCompile>
    <ClCompile Include="Source\Entity.cpp">
      <Filter>Modules\Gameplay</Filter>
    </ClCompile>
    <ClCompile Include="Source\Coins.cpp">
      <Filter>Modules\Gameplay</Filter>
    </ClCompile>
    <ClCompile Include="Source\EntityManager.cpp">
      <Filter>Modules\Managers</Filter>
    </ClCompile>
    <ClCompile Include="Source\Pathfinding.cpp">
      <Filter>Utils</Filter>
    </ClCompile>
    <ClCompile Include="Source\GUI.cpp">
      <Filter>Modules\Gameplay</Filter>
    </ClCompile>
    <ClCompile Include="Source\FireBall.cpp">
      <Filter>Modules\Gameplay</Filter>
    </ClCompile>
    <ClCompile Include="Source\ModuleFonts.cpp">
      <Filter>Modules\Core</Filter>
    </ClCompile>
    <ClCompile Include="Source\GuiManager.cpp">
      <Filter>Modules\Managers</Filter>
    </ClCompile>
    <ClCompile Include="Source\GuiButton.cpp">
      <Filter>Modules\GuiControls</Filter>
    </ClCompile>
    <ClCompile Include="Source\GuiCheckBox.cpp">
      <Filter>Modules\GuiControls</Filter>
    </ClCompile>
    <ClCompile Include="Source\GuiSlider.cpp">
      <Filter>Modules\GuiControls</Filter>
    </ClCompile>
    <ClCompile Include="Source\Scene.cpp">
      <Filter>Modules\Gameplay\Scenas</Filter>
    </ClCompile>
    <ClCompile Include="Source\SceneIntro.cpp">
      <Filter>Modules\Gameplay\Scenas</Filter>
    </ClCompile>
    <ClCompile Include="Source\SceneLevel2.cpp">
      <Filter>Modules\Gameplay\Scenas</Filter>
    </ClCompile>
    <ClCompile Include="Source\SceneLogo.cpp">
      <Filter>Modules\Gameplay\Scenas</Filter>
    </ClCompile>
    <ClCompile Include="Source\SceneLose.cpp">
      <Filter>Modules\Gameplay\Scenas</Filter>
    </ClCompile>
    <ClCompile Include="Source\SceneWin.cpp">
      <Filter>Modules\Gameplay\Scenas</Filter>
    </ClCompile>
    <ClCompile Include="Source\SceneManager.cpp">
      <Filter>Modules\Managers</Filter>
    </ClCompile>
    <ClCompile Include="Source\Scene.cpp">
      <Filter>Modules\Gameplay\Scenas</Filter>
    </ClCompile>
    <ClCompile Include="Source\Lives.cpp">
      <Filter>Modules\Gameplay</Filter>
    </ClCompile>
    <ClCompile Include="Source\GuiSettings.cpp">
      <Filter>Modules\GuiControls</Filter>
    </ClCompile>
    <ClCompile Include="Source\GuiMenuPause.cpp">
      <Filter>Modules\GuiControls</Filter>
    </ClCompile>
    <ClCompile Include="Source\Textures.cpp">
      <Filter>Modules\Core</Filter>
    </ClCompile>
    <ClCompile Include="Source\Window.cpp">
      <Filter>Modules\Core</Filter>
    </ClCompile>
    <ClCompile Include="Source\Render.cpp">
      <Filter>Modules\Core</Filter>
    </ClCompile>
    <ClCompile Include="Source\Input.cpp">
      <Filter>Modules\Core</Filter>
    </ClCompile>
    <ClCompile Include="Source\Audio.cpp">
      <Filter>Modules\Core</Filter>
    </ClCompile>
    <ClCompile Include="Source\App.cpp">
      <Filter>Modules\Application</Filter>
    </ClCompile>
    <ClCompile Include="Source\Collisions.cpp">
      <Filter>Modules\Core</Filter>
    </ClCompile>
  </ItemGroup>
  <ItemGroup>
    <ClInclude Include="Source\Defs.h">
      <Filter>Utils</Filter>
    </ClInclude>
    <ClInclude Include="Source\DynArray.h">
      <Filter>Utils</Filter>
    </ClInclude>
    <ClInclude Include="Source\List.h">
      <Filter>Utils</Filter>
    </ClInclude>
    <ClInclude Include="Source\Log.h">
      <Filter>Utils</Filter>
    </ClInclude>
    <ClInclude Include="Source\Point.h">
      <Filter>Utils</Filter>
    </ClInclude>
    <ClInclude Include="Source\SString.h">
      <Filter>Utils</Filter>
    </ClInclude>
    <ClInclude Include="Source\External\PugiXml\src\pugiconfig.hpp">
      <Filter>External\PugiXml</Filter>
    </ClInclude>
    <ClInclude Include="Source\External\PugiXml\src\pugixml.hpp">
      <Filter>External\PugiXml</Filter>
    </ClInclude>
    <ClInclude Include="Source\Animation.h">
      <Filter>Modules\Core</Filter>
    </ClInclude>
    <ClInclude Include="Source\Audio.h">
      <Filter>Modules\Core</Filter>
    </ClInclude>
    <ClInclude Include="Source\Input.h">
      <Filter>Modules\Core</Filter>
    </ClInclude>
    <ClInclude Include="Source\Map.h">
      <Filter>Modules\Core</Filter>
    </ClInclude>
    <ClInclude Include="Source\Render.h">
      <Filter>Modules\Core</Filter>
    </ClInclude>
    <ClInclude Include="Source\Textures.h">
      <Filter>Modules\Core</Filter>
    </ClInclude>
    <ClInclude Include="Source\Window.h">
      <Filter>Modules\Core</Filter>
    </ClInclude>
    <ClInclude Include="Source\Module.h">
      <Filter>Modules</Filter>
    </ClInclude>
    <ClInclude Include="Source\Player.h">
      <Filter>Modules\Gameplay</Filter>
    </ClInclude>
    <ClInclude Include="Source\App.h">
      <Filter>Modules\Application</Filter>
    </ClInclude>
    <ClInclude Include="Source\ModuleFadeToBlack.h">
      <Filter>Modules\Core</Filter>
    </ClInclude>
    <ClInclude Include="PQueue.h">
      <Filter>Utils</Filter>
    </ClInclude>
    <ClInclude Include="Source\PerfTimer.h">
      <Filter>Utils</Filter>
    </ClInclude>
    <ClInclude Include="Source\Timer.h">
      <Filter>Utils</Filter>
    </ClInclude>
    <ClInclude Include="Source\Enemy.h">
      <Filter>Modules\Gameplay</Filter>
    </ClInclude>
    <ClInclude Include="Source\Entity.h">
      <Filter>Modules\Gameplay</Filter>
    </ClInclude>
    <ClInclude Include="Source\Coins.h">
      <Filter>Modules\Gameplay</Filter>
    </ClInclude>
    <ClInclude Include="Source\EntityManager.h">
      <Filter>Modules\Managers</Filter>
    </ClInclude>
    <ClInclude Include="Source\Pathfinding.h">
      <Filter>Utils</Filter>
    </ClInclude>
    <ClInclude Include="Source\GUI.h">
      <Filter>Modules\Gameplay</Filter>
    </ClInclude>
    <ClInclude Include="Source\FireBall.h">
      <Filter>Modules\Gameplay</Filter>
    </ClInclude>
    <ClInclude Include="Source\ModuleFonts.h">
      <Filter>Modules\Core</Filter>
    </ClInclude>
    <ClInclude Include="Source\GuiManager.h">
      <Filter>Modules\Managers</Filter>
    </ClInclude>
    <ClInclude Include="Source\GuiControl.h">
      <Filter>Modules\GuiControls</Filter>
    </ClInclude>
    <ClInclude Include="Source\GuiButton.h">
      <Filter>Modules\GuiControls</Filter>
    </ClInclude>
    <ClInclude Include="Source\GuiCheckBox.h">
      <Filter>Modules\GuiControls</Filter>
    </ClInclude>
    <ClInclude Include="Source\GuiSlider.h">
      <Filter>Modules\GuiControls</Filter>
    </ClInclude>
    <ClInclude Include="Source\Scene.h">
      <Filter>Modules\Gameplay\Scenas</Filter>
    </ClInclude>
    <ClInclude Include="Source\SceneIntro.h">
      <Filter>Modules\Gameplay\Scenas</Filter>
    </ClInclude>
    <ClInclude Include="Source\SceneLevel2.h">
      <Filter>Modules\Gameplay\Scenas</Filter>
    </ClInclude>
    <ClInclude Include="Source\SceneLogo.h">
      <Filter>Modules\Gameplay\Scenas</Filter>
    </ClInclude>
    <ClInclude Include="Source\SceneLose.h">
      <Filter>Modules\Gameplay\Scenas</Filter>
    </ClInclude>
    <ClInclude Include="Source\SceneWin.h">
      <Filter>Modules\Gameplay\Scenas</Filter>
    </ClInclude>
    <ClInclude Include="Source\SceneControl.h">
      <Filter>Modules\Gameplay\Scenas</Filter>
    </ClInclude>
    <ClInclude Include="Source\SceneManager.h">
      <Filter>Modules\Managers</Filter>
    </ClInclude>
    <ClInclude Include="Source\Lives.h">
      <Filter>Modules\Gameplay</Filter>
    </ClInclude>
    <ClInclude Include="Source\GuiSettings.h">
      <Filter>Modules\GuiControls</Filter>
    </ClInclude>
    <ClInclude Include="Source\GuiMenuPause.h">
      <Filter>Modules\GuiControls</Filter>
    </ClInclude>
    <ClInclude Include="Source\Collisions.h">
      <Filter>Modules\Core</Filter>
    </ClInclude>
  </ItemGroup>
  <ItemGroup>
    <Filter Include="External">
      <UniqueIdentifier>{83a966c7-b4bb-4eff-9c2c-3ff3c7b55a60}</UniqueIdentifier>
    </Filter>
    <Filter Include="Utils">
      <UniqueIdentifier>{2cad778a-d356-48b0-9fee-587f1bbb187e}</UniqueIdentifier>
    </Filter>
    <Filter Include="External\PugiXml">
      <UniqueIdentifier>{2855ff7f-53a1-413d-a75b-18b4ade921dd}</UniqueIdentifier>
    </Filter>
    <Filter Include="Modules">
      <UniqueIdentifier>{4f8199d9-f182-49df-a82c-fe4da550da1e}</UniqueIdentifier>
    </Filter>
    <Filter Include="Modules\Core">
      <UniqueIdentifier>{52f5c3fa-3924-48d5-ada2-a59d542699ca}</UniqueIdentifier>
    </Filter>
    <Filter Include="Modules\Gameplay">
      <UniqueIdentifier>{24720a84-fcea-4698-8848-f227f148a354}</UniqueIdentifier>
    </Filter>
    <Filter Include="Modules\Application">
      <UniqueIdentifier>{e47d1144-38b4-4e3f-9d56-e49e82b990c3}</UniqueIdentifier>
    </Filter>
    <Filter Include="Modules\Managers">
      <UniqueIdentifier>{0ec4ad08-2606-4c2e-881b-6300a21d9e49}</UniqueIdentifier>
    </Filter>
    <Filter Include="Modules\GuiControls">
      <UniqueIdentifier>{e4bbf6e8-2865-480e-afef-10efaefa9158}</UniqueIdentifier>
    </Filter>
    <Filter Include="Modules\Gameplay\Scenas">
      <UniqueIdentifier>{1583aee1-b8bd-42dc-8c9a-3647825b204e}</UniqueIdentifier>
    </Filter>
  </ItemGroup>
  <ItemGroup>
    <ResourceCompile Include="PlatformerGame.rc" />
  </ItemGroup>
</Project>